
Microsoft Visual Studio Solution File, Format Version 12.00
# Visual Studio Version 17
VisualStudioVersion = 17.5.33424.131
MinimumVisualStudioVersion = 10.0.40219.1
Project("{FAE04EC0-301F-11D3-BF4B-00C04F79EFBC}") = "CatapultLaunchSimulator", "CatapultLaunchSimulator\CatapultLaunchSimulator.csproj", "{1D3915A4-4888-40D9-903C-B66347795232}"
EndProject
Global
	GlobalSection(SolutionConfigurationPlatforms) = preSolution
		Debug|Any CPU = Debug|Any CPU
		Release|Any CPU = Release|Any CPU
	EndGlobalSection
	GlobalSection(ProjectConfigurationPlatforms) = postSolution
		{1D3915A4-4888-40D9-903C-B66347795232}.Debug|Any CPU.ActiveCfg = Debug|Any CPU
		{1D3915A4-4888-40D9-903C-B66347795232}.Debug|Any CPU.Build.0 = Debug|Any CPU
		{1D3915A4-4888-40D9-903C-B66347795232}.Release|Any CPU.ActiveCfg = Release|Any CPU
		{1D3915A4-4888-40D9-903C-B66347795232}.Release|Any CPU.Build.0 = Release|Any CPU
	EndGlobalSection
	GlobalSection(SolutionProperties) = preSolution
		HideSolutionNode = FALSE
	EndGlobalSection
	GlobalSection(ExtensibilityGlobals) = postSolution
		SolutionGuid = {7A9077AB-FF03-4458-A6D9-AB4382B2AF5C}
	EndGlobalSection
EndGlobal
